
Microsoft Visual Studio Solution File, Format Version 12.00
# Visual Studio 15
VisualStudioVersion = 15.0.26430.13
MinimumVisualStudioVersion = 10.0.40219.1
Project("{FAE04EC0-301F-11D3-BF4B-00C04F79EFBC}") = "KyleCaptureTranslator", "KyleCaptureTranslator\KyleCaptureTranslator.csproj", "{7BEB7E2F-7159-48D3-BB23-EEB9B69B20E0}"
EndProject
Global
	GlobalSection(SolutionConfigurationPlatforms) = preSolution
		Debug|x64 = Debug|x64
		Release|x64 = Release|x64
	EndGlobalSection
	GlobalSection(ProjectConfigurationPlatforms) = postSolution
		{7BEB7E2F-7159-48D3-BB23-EEB9B69B20E0}.Debug|x64.ActiveCfg = Debug|x64
		{7BEB7E2F-7159-48D3-BB23-EEB9B69B20E0}.Debug|x64.Build.0 = Debug|x64
		{7BEB7E2F-7159-48D3-BB23-EEB9B69B20E0}.Release|x64.ActiveCfg = Release|x64
		{7BEB7E2F-7159-48D3-BB23-EEB9B69B20E0}.Release|x64.Build.0 = Release|x64
	EndGlobalSection
	GlobalSection(SolutionProperties) = preSolution
		HideSolutionNode = FALSE
	EndGlobalSection
EndGlobal
